// !$*UTF8*$!
{
	archiveVersion = 1;
	classes = {
	};
	objectVersion = 46;
	objects = {

/* Begin PBXBuildFile section */
		9EEDE8AD1CBD50A300FFDB3B /* main.c in Sources */ = {isa = PBXBuildFile; fileRef = 9EEDE8AC1CBD50A300FFDB3B /* main.c */; };
/* End PBXBuildFile section */

/* Begin PBXCopyFilesBuildPhase section */
		9EEDE8A71CBD50A300FFDB3B /* CopyFiles */ = {
			isa = PBXCopyFilesBuildPhase;
			buildActionMask = 2147483647;
			dstPath = /usr/share/man/man1/;
			dstSubfolderSpec = 0;
			files = (
			);
			runOnlyForDeploymentPostprocessing = 1;
		};
/* End PBXCopyFilesBuildPhase section */

/* Begin PBXFileReference section */
		9EEDE8A91CBD50A300FFDB3B /* AlgosCoding12e */ = {isa = PBXFileReference; explicitFileType = "compiled.mach-o.executable"; includeInIndex = 0; path = AlgosCoding12e; sourceTree = BUILT_PRODUCTS_DIR; };
		9EEDE8AC1CBD50A300FFDB3B /* main.c */ = {isa = PBXFileReference; lastKnownFileType = sourcecode.c.c; path = main.c; sourceTree = "<group>"; };
/* End PBXFileReference section */

/* Begin PBXFrameworksBuildPhase section */
		9EEDE8A61CBD50A300FFDB3B /* Frameworks */ = {
			isa = PBXFrameworksBuildPhase;
			buildActionMask = 2147483647;
			files = (
			);
			runOnlyForDeploymentPostprocessing = 0;
		};
/* End PBXFrameworksBuildPhase section */

/* Begin PBXGroup section */
		9EEDE8A01CBD50A300FFDB3B = {
			isa = PBXGroup;
			children = (
				9EEDE8AB1CBD50A300FFDB3B /* AlgosCoding12e */,
				9EEDE8AA1CBD50A300FFDB3B /* Products */,
			);
			sourceTree = "<group>";
		};
		9EEDE8AA1CBD50A300FFDB3B /* Products */ = {
			isa = PBXGroup;
			children = (
				9EEDE8A91CBD50A300FFDB3B /* AlgosCoding12e */,
			);
			name = Products;
			sourceTree = "<group>";
		};
		9EEDE8AB1CBD50A300FFDB3B /* AlgosCoding12e */ = {
			isa = PBXGroup;
			children = (
				9EEDE8AC1CBD50A300FFDB3B /* main.c */,
			);
			path = AlgosCoding12e;
			sourceTree = "<group>";
		};
/* End PBXGroup section */

/* Begin PBXNativeTarget section */
		9EEDE8A81CBD50A300FFDB3B /* AlgosCoding12e */ = {
			isa = PBXNativeTarget;
			buildConfigurationList = 9EEDE8B01CBD50A300FFDB3B /* Build configuration list for PBXNativeTarget "AlgosCoding12e" */;
			buildPhases = (
				9EEDE8A51CBD50A300FFDB3B /* Sources */,
				9EEDE8A61CBD50A300FFDB3B /* Frameworks */,
				9EEDE8A71CBD50A300FFDB3B /* CopyFiles */,
			);
			buildRules = (
			);
			dependencies = (
			);
			name = AlgosCoding12e;
			productName = AlgosCoding12e;
			productReference = 9EEDE8A91CBD50A300FFDB3B /* AlgosCoding12e */;
			productType = "com.apple.product-type.tool";
		};
/* End PBXNativeTarget section */

/* Begin PBXProject section */
		9EEDE8A11CBD50A300FFDB3B /* Project object */ = {
			isa = PBXProject;
			attributes = {
				LastUpgradeCheck = 0730;
				ORGANIZATIONNAME = sahlitude;
				TargetAttributes = {
					9EEDE8A81CBD50A300FFDB3B = {
						CreatedOnToolsVersion = 7.3;
					};
				};
			};
			buildConfigurationList = 9EEDE8A41CBD50A300FFDB3B /* Build configuration list for PBXProject "AlgosCoding12e" */;
			compatibilityVersion = "Xcode 3.2";
			developmentRegion = English;
			hasScannedForEncodings = 0;
			knownRegions = (
				en,
			);
			mainGroup = 9EEDE8A01CBD50A300FFDB3B;
			productRefGroup = 9EEDE8AA1CBD50A300FFDB3B /* Products */;
			projectDirPath = "";
			projectRoot = "";
			targets = (
				9EEDE8A81CBD50A300FFDB3B /* AlgosCoding12e */,
			);
		};
/* End PBXProject section */

/* Begin PBXSourcesBuildPhase section */
		9EEDE8A51CBD50A300FFDB3B /* Sources */ = {
			isa = PBXSourcesBuildPhase;
			buildActionMask = 2147483647;
			files = (
				9EEDE8AD1CBD50A300FFDB3B /* main.c in Sources */,
			);
			runOnlyForDeploymentPostprocessing = 0;
		};
/* End PBXSourcesBuildPhase section */

/* Begin XCBuildConfiguration section */
		9EEDE8AE1CBD50A300FFDB3B /* Debug */ = {
			isa = XCBuildConfiguration;
			buildSettings = {
				ALWAYS_SEARCH_USER_PATHS = NO;
				CLANG_ANALYZER_NONNULL = YES;
				CLANG_CXX_LANGUAGE_STANDARD = "gnu++0x";
				CLANG_CXX_LIBRARY = "libc++";
				CLANG_ENABLE_MODULES = YES;
				CLANG_ENABLE_OBJC_ARC = YES;
				CLANG_WARN_BOOL_CONVERSION = YES;
				CLANG_WARN_CONSTANT_CONVERSION = YES;
				CLANG_WARN_DIRECT_OBJC_ISA_USAGE = YES_ERROR;
				CLANG_WARN_EMPTY_BODY = YES;
				CLANG_WARN_ENUM_CONVERSION = YES;
				CLANG_WARN_INT_CONVERSION = YES;
				CLANG_WARN_OBJC_ROOT_CLASS = YES_ERROR;
				CLANG_WARN_UNREACHABLE_CODE = YES;
				CLANG_WARN__DUPLICATE_METHOD_MATCH = YES;
				CODE_SIGN_IDENTITY = "-";
				COPY_PHASE_STRIP = NO;
				DEBUG_INFORMATION_FORMAT = dwarf;
				ENABLE_STRICT_OBJC_MSGSEND = YES;
				ENABLE_TESTABILITY = YES;
				GCC_C_LANGUAGE_STANDARD = gnu99;
				GCC_DYNAMIC_NO_PIC = NO;
				GCC_NO_COMMON_BLOCKS = YES;
				GCC_OPTIMIZATION_LEVEL = 0;
				GCC_PREPROCESSOR_DEFINITIONS = (
					"DEBUG=1",
					"$(inherited)",
				);
				GCC_WARN_64_TO_32_BIT_CONVERSION = YES;
				GCC_WARN_ABOUT_RETURN_TYPE = YES_ERROR;
				GCC_WARN_UNDECLARED_SELECTOR = YES;
				GCC_WARN_UNINITIALIZED_AUTOS = YES_AGGRESSIVE;
				GCC_WARN_UNUSED_FUNCTION = YES;
				GCC_WARN_UNUSED_VARIABLE = YES;
				MACOSX_DEPLOYMENT_TARGET = 10.11;
				MTL_ENABLE_DEBUG_INFO = YES;
				ONLY_ACTIVE_ARCH = YES;
				SDKROOT = macosx;
			};
			name = Debug;
		};
		9EEDE8AF1CBD50A300FFDB3B /* Release */ = {
			isa = XCBuildConfiguration;
			buildSettings = {
				ALWAYS_SEARCH_USER_PATHS = NO;
				CLANG_ANALYZER_NONNULL = YES;
				CLANG_CXX_LANGUAGE_STANDARD = "gnu++0x";
				CLANG_CXX_LIBRARY = "libc++";
				CLANG_ENABLE_MODULES = YES;
				CLANG_ENABLE_OBJC_ARC = YES;
				CLANG_WARN_BOOL_CONVERSION = YES;
				CLANG_WARN_CONSTANT_CONVERSION = YES;
				CLANG_WARN_DIRECT_OBJC_ISA_USAGE = YES_ERROR;
				CLANG_WARN_EMPTY_BODY = YES;
				CLANG_WARN_ENUM_CONVERSION = YES;
				CLANG_WARN_INT_CONVERSION = YES;
				CLANG_WARN_OBJC_ROOT_CLASS = YES_ERROR;
				CLANG_WARN_UNREACHABLE_CODE = YES;
				CLANG_WARN__DUPLICATE_METHOD_MATCH = YES;
				CODE_SIGN_IDENTITY = "-";
				COPY_PHASE_STRIP = NO;
				DEBUG_INFORMATION_FORMAT = "dwarf-with-dsym";
				ENABLE_NS_ASSERTIONS = NO;
				ENABLE_STRICT_OBJC_MSGSEND = YES;
				GCC_C_LANGUAGE_STANDARD = gnu99;
				GCC_NO_COMMON_BLOCKS = YES;
				GCC_WARN_64_TO_32_BIT_CONVERSION = YES;
				GCC_WARN_ABOUT_RETURN_TYPE = YES_ERROR;
				GCC_WARN_UNDECLARED_SELECTOR = YES;
				GCC_WARN_UNINITIALIZED_AUTOS = YES_AGGRESSIVE;
				GCC_WARN_UNUSED_FUNCTION = YES;
				GCC_WARN_UNUSED_VARIABLE = YES;
				MACOSX_DEPLOYMENT_TARGET = 10.11;
				MTL_ENABLE_DEBUG_INFO = NO;
				SDKROOT = macosx;
			};
			name = Release;
		};
		9EEDE8B11CBD50A300FFDB3B /* Debug */ = {
			isa = XCBuildConfiguration;
			buildSettings = {
				PRODUCT_NAME = "$(TARGET_NAME)";
			};
			name = Debug;
		};
		9EEDE8B21CBD50A300FFDB3B /* Release */ = {
			isa = XCBuildConfiguration;
			buildSettings = {
				PRODUCT_NAME = "$(TARGET_NAME)";
			};
			name = Release;
		};
/* End XCBuildConfiguration section */

/* Begin XCConfigurationList section */
		9EEDE8A41CBD50A300FFDB3B /* Build configuration list for PBXProject "AlgosCoding12e" */ = {
			isa = XCConfigurationList;
			buildConfigurations = (
				9EEDE8AE1CBD50A300FFDB3B /* Debug */,
				9EEDE8AF1CBD50A300FFDB3B /* Release */,
			);
			defaultConfigurationIsVisible = 0;
			defaultConfigurationName = Release;
		};
		9EEDE8B01CBD50A300FFDB3B /* Build configuration list for PBXNativeTarget "AlgosCoding12e" */ = {
			isa = XCConfigurationList;
			buildConfigurations = (
				9EEDE8B11CBD50A300FFDB3B /* Debug */,
				9EEDE8B21CBD50A300FFDB3B /* Release */,
			);
			defaultConfigurationIsVisible = 0;
		};
/* End XCConfigurationList section */
	};
	rootObject = 9EEDE8A11CBD50A300FFDB3B /* Project object */;
}
