// !$*UTF8*$!
{
	archiveVersion = 1;
	classes = {
	};
	objectVersion = 46;
	objects = {

/* Begin PBXBuildFile section */
		9EDFEAF31CC6E40A00B2D306 /* main.c in Sources */ = {isa = PBXBuildFile; fileRef = 9EDFEAF21CC6E40A00B2D306 /* main.c */; };
/* End PBXBuildFile section */

/* Begin PBXCopyFilesBuildPhase section */
		9EDFEAED1CC6E40A00B2D306 /* CopyFiles */ = {
			isa = PBXCopyFilesBuildPhase;
			buildActionMask = 2147483647;
			dstPath = /usr/share/man/man1/;
			dstSubfolderSpec = 0;
			files = (
			);
			runOnlyForDeploymentPostprocessing = 1;
		};
/* End PBXCopyFilesBuildPhase section */

/* Begin PBXFileReference section */
		9EDFEAEF1CC6E40A00B2D306 /* AlgosCoding15j */ = {isa = PBXFileReference; explicitFileType = "compiled.mach-o.executable"; includeInIndex = 0; path = AlgosCoding15j; sourceTree = BUILT_PRODUCTS_DIR; };
		9EDFEAF21CC6E40A00B2D306 /* main.c */ = {isa = PBXFileReference; lastKnownFileType = sourcecode.c.c; path = main.c; sourceTree = "<group>"; };
/* End PBXFileReference section */

/* Begin PBXFrameworksBuildPhase section */
		9EDFEAEC1CC6E40A00B2D306 /* Frameworks */ = {
			isa = PBXFrameworksBuildPhase;
			buildActionMask = 2147483647;
			files = (
			);
			runOnlyForDeploymentPostprocessing = 0;
		};
/* End PBXFrameworksBuildPhase section */

/* Begin PBXGroup section */
		9EDFEAE61CC6E40A00B2D306 = {
			isa = PBXGroup;
			children = (
				9EDFEAF11CC6E40A00B2D306 /* AlgosCoding15j */,
				9EDFEAF01CC6E40A00B2D306 /* Products */,
			);
			sourceTree = "<group>";
		};
		9EDFEAF01CC6E40A00B2D306 /* Products */ = {
			isa = PBXGroup;
			children = (
				9EDFEAEF1CC6E40A00B2D306 /* AlgosCoding15j */,
			);
			name = Products;
			sourceTree = "<group>";
		};
		9EDFEAF11CC6E40A00B2D306 /* AlgosCoding15j */ = {
			isa = PBXGroup;
			children = (
				9EDFEAF21CC6E40A00B2D306 /* main.c */,
			);
			path = AlgosCoding15j;
			sourceTree = "<group>";
		};
/* End PBXGroup section */

/* Begin PBXNativeTarget section */
		9EDFEAEE1CC6E40A00B2D306 /* AlgosCoding15j */ = {
			isa = PBXNativeTarget;
			buildConfigurationList = 9EDFEAF61CC6E40A00B2D306 /* Build configuration list for PBXNativeTarget "AlgosCoding15j" */;
			buildPhases = (
				9EDFEAEB1CC6E40A00B2D306 /* Sources */,
				9EDFEAEC1CC6E40A00B2D306 /* Frameworks */,
				9EDFEAED1CC6E40A00B2D306 /* CopyFiles */,
			);
			buildRules = (
			);
			dependencies = (
			);
			name = AlgosCoding15j;
			productName = AlgosCoding15j;
			productReference = 9EDFEAEF1CC6E40A00B2D306 /* AlgosCoding15j */;
			productType = "com.apple.product-type.tool";
		};
/* End PBXNativeTarget section */

/* Begin PBXProject section */
		9EDFEAE71CC6E40A00B2D306 /* Project object */ = {
			isa = PBXProject;
			attributes = {
				LastUpgradeCheck = 0730;
				ORGANIZATIONNAME = sahlitude;
				TargetAttributes = {
					9EDFEAEE1CC6E40A00B2D306 = {
						CreatedOnToolsVersion = 7.3;
					};
				};
			};
			buildConfigurationList = 9EDFEAEA1CC6E40A00B2D306 /* Build configuration list for PBXProject "AlgosCoding15j" */;
			compatibilityVersion = "Xcode 3.2";
			developmentRegion = English;
			hasScannedForEncodings = 0;
			knownRegions = (
				en,
			);
			mainGroup = 9EDFEAE61CC6E40A00B2D306;
			productRefGroup = 9EDFEAF01CC6E40A00B2D306 /* Products */;
			projectDirPath = "";
			projectRoot = "";
			targets = (
				9EDFEAEE1CC6E40A00B2D306 /* AlgosCoding15j */,
			);
		};
/* End PBXProject section */

/* Begin PBXSourcesBuildPhase section */
		9EDFEAEB1CC6E40A00B2D306 /* Sources */ = {
			isa = PBXSourcesBuildPhase;
			buildActionMask = 2147483647;
			files = (
				9EDFEAF31CC6E40A00B2D306 /* main.c in Sources */,
			);
			runOnlyForDeploymentPostprocessing = 0;
		};
/* End PBXSourcesBuildPhase section */

/* Begin XCBuildConfiguration section */
		9EDFEAF41CC6E40A00B2D306 /* Debug */ = {
			isa = XCBuildConfiguration;
			buildSettings = {
				ALWAYS_SEARCH_USER_PATHS = NO;
				CLANG_ANALYZER_NONNULL = YES;
				CLANG_CXX_LANGUAGE_STANDARD = "gnu++0x";
				CLANG_CXX_LIBRARY = "libc++";
				CLANG_ENABLE_MODULES = YES;
				CLANG_ENABLE_OBJC_ARC = YES;
				CLANG_WARN_BOOL_CONVERSION = YES;
				CLANG_WARN_CONSTANT_CONVERSION = YES;
				CLANG_WARN_DIRECT_OBJC_ISA_USAGE = YES_ERROR;
				CLANG_WARN_EMPTY_BODY = YES;
				CLANG_WARN_ENUM_CONVERSION = YES;
				CLANG_WARN_INT_CONVERSION = YES;
				CLANG_WARN_OBJC_ROOT_CLASS = YES_ERROR;
				CLANG_WARN_UNREACHABLE_CODE = YES;
				CLANG_WARN__DUPLICATE_METHOD_MATCH = YES;
				CODE_SIGN_IDENTITY = "-";
				COPY_PHASE_STRIP = NO;
				DEBUG_INFORMATION_FORMAT = dwarf;
				ENABLE_STRICT_OBJC_MSGSEND = YES;
				ENABLE_TESTABILITY = YES;
				GCC_C_LANGUAGE_STANDARD = gnu99;
				GCC_DYNAMIC_NO_PIC = NO;
				GCC_NO_COMMON_BLOCKS = YES;
				GCC_OPTIMIZATION_LEVEL = 0;
				GCC_PREPROCESSOR_DEFINITIONS = (
					"DEBUG=1",
					"$(inherited)",
				);
				GCC_WARN_64_TO_32_BIT_CONVERSION = YES;
				GCC_WARN_ABOUT_RETURN_TYPE = YES_ERROR;
				GCC_WARN_UNDECLARED_SELECTOR = YES;
				GCC_WARN_UNINITIALIZED_AUTOS = YES_AGGRESSIVE;
				GCC_WARN_UNUSED_FUNCTION = YES;
				GCC_WARN_UNUSED_VARIABLE = YES;
				MACOSX_DEPLOYMENT_TARGET = 10.11;
				MTL_ENABLE_DEBUG_INFO = YES;
				ONLY_ACTIVE_ARCH = YES;
				SDKROOT = macosx;
			};
			name = Debug;
		};
		9EDFEAF51CC6E40A00B2D306 /* Release */ = {
			isa = XCBuildConfiguration;
			buildSettings = {
				ALWAYS_SEARCH_USER_PATHS = NO;
				CLANG_ANALYZER_NONNULL = YES;
				CLANG_CXX_LANGUAGE_STANDARD = "gnu++0x";
				CLANG_CXX_LIBRARY = "libc++";
				CLANG_ENABLE_MODULES = YES;
				CLANG_ENABLE_OBJC_ARC = YES;
				CLANG_WARN_BOOL_CONVERSION = YES;
				CLANG_WARN_CONSTANT_CONVERSION = YES;
				CLANG_WARN_DIRECT_OBJC_ISA_USAGE = YES_ERROR;
				CLANG_WARN_EMPTY_BODY = YES;
				CLANG_WARN_ENUM_CONVERSION = YES;
				CLANG_WARN_INT_CONVERSION = YES;
				CLANG_WARN_OBJC_ROOT_CLASS = YES_ERROR;
				CLANG_WARN_UNREACHABLE_CODE = YES;
				CLANG_WARN__DUPLICATE_METHOD_MATCH = YES;
				CODE_SIGN_IDENTITY = "-";
				COPY_PHASE_STRIP = NO;
				DEBUG_INFORMATION_FORMAT = "dwarf-with-dsym";
				ENABLE_NS_ASSERTIONS = NO;
				ENABLE_STRICT_OBJC_MSGSEND = YES;
				GCC_C_LANGUAGE_STANDARD = gnu99;
				GCC_NO_COMMON_BLOCKS = YES;
				GCC_WARN_64_TO_32_BIT_CONVERSION = YES;
				GCC_WARN_ABOUT_RETURN_TYPE = YES_ERROR;
				GCC_WARN_UNDECLARED_SELECTOR = YES;
				GCC_WARN_UNINITIALIZED_AUTOS = YES_AGGRESSIVE;
				GCC_WARN_UNUSED_FUNCTION = YES;
				GCC_WARN_UNUSED_VARIABLE = YES;
				MACOSX_DEPLOYMENT_TARGET = 10.11;
				MTL_ENABLE_DEBUG_INFO = NO;
				SDKROOT = macosx;
			};
			name = Release;
		};
		9EDFEAF71CC6E40A00B2D306 /* Debug */ = {
			isa = XCBuildConfiguration;
			buildSettings = {
				PRODUCT_NAME = "$(TARGET_NAME)";
			};
			name = Debug;
		};
		9EDFEAF81CC6E40A00B2D306 /* Release */ = {
			isa = XCBuildConfiguration;
			buildSettings = {
				PRODUCT_NAME = "$(TARGET_NAME)";
			};
			name = Release;
		};
/* End XCBuildConfiguration section */

/* Begin XCConfigurationList section */
		9EDFEAEA1CC6E40A00B2D306 /* Build configuration list for PBXProject "AlgosCoding15j" */ = {
			isa = XCConfigurationList;
			buildConfigurations = (
				9EDFEAF41CC6E40A00B2D306 /* Debug */,
				9EDFEAF51CC6E40A00B2D306 /* Release */,
			);
			defaultConfigurationIsVisible = 0;
			defaultConfigurationName = Release;
		};
		9EDFEAF61CC6E40A00B2D306 /* Build configuration list for PBXNativeTarget "AlgosCoding15j" */ = {
			isa = XCConfigurationList;
			buildConfigurations = (
				9EDFEAF71CC6E40A00B2D306 /* Debug */,
				9EDFEAF81CC6E40A00B2D306 /* Release */,
			);
			defaultConfigurationIsVisible = 0;
		};
/* End XCConfigurationList section */
	};
	rootObject = 9EDFEAE71CC6E40A00B2D306 /* Project object */;
}
